
Microsoft Visual Studio Solution File, Format Version 12.00
# Visual Studio Version 17
VisualStudioVersion = 17.1.32407.343
MinimumVisualStudioVersion = 10.0.40219.1
Project("{FAE04EC0-301F-11D3-BF4B-00C04F79EFBC}") = "WeatherConsoleApp", "WeatherConsoleApp\WeatherConsoleApp.csproj", "{B8BA1BB1-009D-4990-9E02-F0F4CC1FD538}"
EndProject
Global
	GlobalSection(SolutionConfigurationPlatforms) = preSolution
		Debug|Any CPU = Debug|Any CPU
		Release|Any CPU = Release|Any CPU
	EndGlobalSection
	GlobalSection(ProjectConfigurationPlatforms) = postSolution
		{B8BA1BB1-009D-4990-9E02-F0F4CC1FD538}.Debug|Any CPU.ActiveCfg = Debug|Any CPU
		{B8BA1BB1-009D-4990-9E02-F0F4CC1FD538}.Debug|Any CPU.Build.0 = Debug|Any CPU
		{B8BA1BB1-009D-4990-9E02-F0F4CC1FD538}.Release|Any CPU.ActiveCfg = Release|Any CPU
		{B8BA1BB1-009D-4990-9E02-F0F4CC1FD538}.Release|Any CPU.Build.0 = Release|Any CPU
	EndGlobalSection
	GlobalSection(SolutionProperties) = preSolution
		HideSolutionNode = FALSE
	EndGlobalSection
	GlobalSection(ExtensibilityGlobals) = postSolution
		SolutionGuid = {5EBE9672-CF5E-42E0-AE1C-3FF28F7416F5}
	EndGlobalSection
EndGlobal
